
Microsoft Visual Studio Solution File, Format Version 12.00
# Visual Studio Version 17
VisualStudioVersion = 17.8.34309.116
MinimumVisualStudioVersion = 10.0.40219.1
Project("{FAE04EC0-301F-11D3-BF4B-00C04F79EFBC}") = "ProjectDBMSWF", "ProjectDBMSWF\ProjectDBMSWF.csproj", "{FD2C21DD-FBD1-4FA4-9174-E7DA15D987A6}"
EndProject
Global
	GlobalSection(SolutionConfigurationPlatforms) = preSolution
		Debug|Any CPU = Debug|Any CPU
		Release|Any CPU = Release|Any CPU
	EndGlobalSection
	GlobalSection(ProjectConfigurationPlatforms) = postSolution
		{FD2C21DD-FBD1-4FA4-9174-E7DA15D987A6}.Debug|Any CPU.ActiveCfg = Debug|Any CPU
		{FD2C21DD-FBD1-4FA4-9174-E7DA15D987A6}.Debug|Any CPU.Build.0 = Debug|Any CPU
		{FD2C21DD-FBD1-4FA4-9174-E7DA15D987A6}.Release|Any CPU.ActiveCfg = Release|Any CPU
		{FD2C21DD-FBD1-4FA4-9174-E7DA15D987A6}.Release|Any CPU.Build.0 = Release|Any CPU
	EndGlobalSection
	GlobalSection(SolutionProperties) = preSolution
		HideSolutionNode = FALSE
	EndGlobalSection
	GlobalSection(ExtensibilityGlobals) = postSolution
		SolutionGuid = {FFD76A75-33D4-415E-B917-13AD8F1D36B2}
	EndGlobalSection
EndGlobal
